// !$*UTF8*$!
{
	archiveVersion = 1;
	classes = {
	};
	objectVersion = 77;
	objects = {

/* Begin PBXBuildFile section */
		12ACF3B71BFA73213E03D6FC /* SeasonSerif-TRIAL-Medium.otf in Resources */ = {isa = PBXBuildFile; fileRef = A507A958ED0C7F608BEC5D5E /* SeasonSerif-TRIAL-Medium.otf */; };
		25529C4B6A8590FD0D22FF94 /* AppStateController.swift in Sources */ = {isa = PBXBuildFile; fileRef = 25A97492CD784F4AAFB6AE36 /* AppStateController.swift */; };
		293600AA168F1C78E536F697 /* SparkleUpdaterService.swift in Sources */ = {isa = PBXBuildFile; fileRef = 1D8F832BD5C2F281E2C4E726 /* SparkleUpdaterService.swift */; };
		2B04B71AEE3EC65DE7D4A7F3 /* MigrationServiceProtocol.swift in Sources */ = {isa = PBXBuildFile; fileRef = 1D62EE710D349A6B90F50899 /* MigrationServiceProtocol.swift */; };
		37D0D04A6AED85FFC3B2B7AB /* TeleprompterState.swift in Sources */ = {isa = PBXBuildFile; fileRef = 06A93D07BF4CF64CCE0E8477 /* TeleprompterState.swift */; };
		3D3547BA29A63DACB3E6E564 /* NotchyTeleprompterApp.swift in Sources */ = {isa = PBXBuildFile; fileRef = 784D31CD4FCE2E6B4219D30A /* NotchyTeleprompterApp.swift */; };
		51BF330AC38EDEB01E6B6E24 /* EditorSessionState.swift in Sources */ = {isa = PBXBuildFile; fileRef = 196859D8E62592B56229F85E /* EditorSessionState.swift */; };
		52C6E87A56C7C77FCDC2452F /* Assets.xcassets in Resources */ = {isa = PBXBuildFile; fileRef = 414D94B43DDEB00D16AA8459 /* Assets.xcassets */; };
		5E680997E99178F207222263 /* VisualEffectView.swift in Sources */ = {isa = PBXBuildFile; fileRef = EB13B5DE6C55FE7D0E0BA3C9 /* VisualEffectView.swift */; };
		5FB69D4FBC05AED86BF86439 /* EditorView.swift in Sources */ = {isa = PBXBuildFile; fileRef = 36C50097361A8AAB17306F2B /* EditorView.swift */; };
		60A24E3D1A9B0295597303E6 /* EditorWindowController.swift in Sources */ = {isa = PBXBuildFile; fileRef = F13B8AFC0D6E039BC9D9501F /* EditorWindowController.swift */; };
		6BEBE8ABAAAD7AACD206BAA7 /* SeasonSerif-TRIAL-Bold.otf in Resources */ = {isa = PBXBuildFile; fileRef = 803C45F74818A689E2429CCB /* SeasonSerif-TRIAL-Bold.otf */; };
		7AB0933B1908F4AFBB46EB67 /* SeasonSans-TRIAL-Bold.otf in Resources */ = {isa = PBXBuildFile; fileRef = 9076D5324EBC3C8B338CBD70 /* SeasonSans-TRIAL-Bold.otf */; };
		817D380F16317714C05B7232 /* HotkeyManager.swift in Sources */ = {isa = PBXBuildFile; fileRef = 99E6248DAC882AF860673818 /* HotkeyManager.swift */; };
		8FDA3C3CD5884D7168CE45AE /* EditorTab.swift in Sources */ = {isa = PBXBuildFile; fileRef = 6CBB676AAA9B32C5A1A279C5 /* EditorTab.swift */; };
		91DC85BCF94C3BC97BC24644 /* StateStoreProtocol.swift in Sources */ = {isa = PBXBuildFile; fileRef = CB65A3C1CA08979426B2EADE /* StateStoreProtocol.swift */; };
		AB2689678F29061BD66FF00D /* SeasonSerif-TRIAL-Regular.otf in Resources */ = {isa = PBXBuildFile; fileRef = 05BF250D1EFA491F4381702C /* SeasonSerif-TRIAL-Regular.otf */; };
		AED6A5362907E70FD117F063 /* Sparkle in Frameworks */ = {isa = PBXBuildFile; productRef = C1382BF60D0EDEB61D1B3242 /* Sparkle */; };
		B6D9F35CA86188EEE66410D6 /* NotchPanelController.swift in Sources */ = {isa = PBXBuildFile; fileRef = 2E2E045E0E64B5A528A1D4B6 /* NotchPanelController.swift */; };
		C3E1A8DBFCA21E4719E29AF4 /* FileStateStore.swift in Sources */ = {isa = PBXBuildFile; fileRef = 8F6BB4B2829D6EF35D5EA4C5 /* FileStateStore.swift */; };
		C981A21DF5B1F902A98EBAFC /* ElectronMigrationService.swift in Sources */ = {isa = PBXBuildFile; fileRef = 5B95ED278AED8F7EEE16F3AB /* ElectronMigrationService.swift */; };
		CA863515E578D794D5118D2A /* TeleprompterPanelView.swift in Sources */ = {isa = PBXBuildFile; fileRef = D817A0FBDF18A56314ED7FD1 /* TeleprompterPanelView.swift */; };
		D44B00D8E3985ECFA884AD79 /* AppDelegate.swift in Sources */ = {isa = PBXBuildFile; fileRef = 40C1CBA4673FF7F873D7A1BD /* AppDelegate.swift */; };
		EE596CDF5EAD40D3CD7F47A9 /* SeasonSans-TRIAL-Regular.otf in Resources */ = {isa = PBXBuildFile; fileRef = EF7054C6F8EBA8BA48C45249 /* SeasonSans-TRIAL-Regular.otf */; };
		F4B829E79E41498272272124 /* SeasonSans-TRIAL-Medium.otf in Resources */ = {isa = PBXBuildFile; fileRef = 300D7F8B0F9727EAE8BBA96D /* SeasonSans-TRIAL-Medium.otf */; };
		F6D4910A90395E36E0EBE48B /* DisplayLinkTicker.swift in Sources */ = {isa = PBXBuildFile; fileRef = C534139D5AD6A34DAD69AF56 /* DisplayLinkTicker.swift */; };
		FD12D050482553DF1932821A /* GlobalKeyCaptureManager.swift in Sources */ = {isa = PBXBuildFile; fileRef = 4B3D3555DE06F10711796A2B /* GlobalKeyCaptureManager.swift */; };
		FD83A8A574B67C2F4A08E2B7 /* DisplayLocator.swift in Sources */ = {isa = PBXBuildFile; fileRef = 84DB46B6EBBC20478B6E96E7 /* DisplayLocator.swift */; };
/* End PBXBuildFile section */

/* Begin PBXFileReference section */
		05BF250D1EFA491F4381702C /* SeasonSerif-TRIAL-Regular.otf */ = {isa = PBXFileReference; lastKnownFileType = file; path = "SeasonSerif-TRIAL-Regular.otf"; sourceTree = "<group>"; };
		06A93D07BF4CF64CCE0E8477 /* TeleprompterState.swift */ = {isa = PBXFileReference; lastKnownFileType = sourcecode.swift; path = TeleprompterState.swift; sourceTree = "<group>"; };
		180A26663456AB74A3045C71 /* NotchyTeleprompter.app */ = {isa = PBXFileReference; explicitFileType = wrapper.application; includeInIndex = 0; path = NotchyTeleprompter.app; sourceTree = BUILT_PRODUCTS_DIR; };
		196859D8E62592B56229F85E /* EditorSessionState.swift */ = {isa = PBXFileReference; lastKnownFileType = sourcecode.swift; path = EditorSessionState.swift; sourceTree = "<group>"; };
		1D62EE710D349A6B90F50899 /* MigrationServiceProtocol.swift */ = {isa = PBXFileReference; lastKnownFileType = sourcecode.swift; path = MigrationServiceProtocol.swift; sourceTree = "<group>"; };
		1D8F832BD5C2F281E2C4E726 /* SparkleUpdaterService.swift */ = {isa = PBXFileReference; lastKnownFileType = sourcecode.swift; path = SparkleUpdaterService.swift; sourceTree = "<group>"; };
		25A97492CD784F4AAFB6AE36 /* AppStateController.swift */ = {isa = PBXFileReference; lastKnownFileType = sourcecode.swift; path = AppStateController.swift; sourceTree = "<group>"; };
		2E2E045E0E64B5A528A1D4B6 /* NotchPanelController.swift */ = {isa = PBXFileReference; lastKnownFileType = sourcecode.swift; path = NotchPanelController.swift; sourceTree = "<group>"; };
		300D7F8B0F9727EAE8BBA96D /* SeasonSans-TRIAL-Medium.otf */ = {isa = PBXFileReference; lastKnownFileType = file; path = "SeasonSans-TRIAL-Medium.otf"; sourceTree = "<group>"; };
		36C50097361A8AAB17306F2B /* EditorView.swift */ = {isa = PBXFileReference; lastKnownFileType = sourcecode.swift; path = EditorView.swift; sourceTree = "<group>"; };
		40C1CBA4673FF7F873D7A1BD /* AppDelegate.swift */ = {isa = PBXFileReference; lastKnownFileType = sourcecode.swift; path = AppDelegate.swift; sourceTree = "<group>"; };
		414D94B43DDEB00D16AA8459 /* Assets.xcassets */ = {isa = PBXFileReference; lastKnownFileType = folder.assetcatalog; path = Assets.xcassets; sourceTree = "<group>"; };
		4B3D3555DE06F10711796A2B /* GlobalKeyCaptureManager.swift */ = {isa = PBXFileReference; lastKnownFileType = sourcecode.swift; path = GlobalKeyCaptureManager.swift; sourceTree = "<group>"; };
		5B95ED278AED8F7EEE16F3AB /* ElectronMigrationService.swift */ = {isa = PBXFileReference; lastKnownFileType = sourcecode.swift; path = ElectronMigrationService.swift; sourceTree = "<group>"; };
		6CBB676AAA9B32C5A1A279C5 /* EditorTab.swift */ = {isa = PBXFileReference; lastKnownFileType = sourcecode.swift; path = EditorTab.swift; sourceTree = "<group>"; };
		784D31CD4FCE2E6B4219D30A /* NotchyTeleprompterApp.swift */ = {isa = PBXFileReference; lastKnownFileType = sourcecode.swift; path = NotchyTeleprompterApp.swift; sourceTree = "<group>"; };
		803C45F74818A689E2429CCB /* SeasonSerif-TRIAL-Bold.otf */ = {isa = PBXFileReference; lastKnownFileType = file; path = "SeasonSerif-TRIAL-Bold.otf"; sourceTree = "<group>"; };
		84DB46B6EBBC20478B6E96E7 /* DisplayLocator.swift */ = {isa = PBXFileReference; lastKnownFileType = sourcecode.swift; path = DisplayLocator.swift; sourceTree = "<group>"; };
		8F6BB4B2829D6EF35D5EA4C5 /* FileStateStore.swift */ = {isa = PBXFileReference; lastKnownFileType = sourcecode.swift; path = FileStateStore.swift; sourceTree = "<group>"; };
		9076D5324EBC3C8B338CBD70 /* SeasonSans-TRIAL-Bold.otf */ = {isa = PBXFileReference; lastKnownFileType = file; path = "SeasonSans-TRIAL-Bold.otf"; sourceTree = "<group>"; };
		99E6248DAC882AF860673818 /* HotkeyManager.swift */ = {isa = PBXFileReference; lastKnownFileType = sourcecode.swift; path = HotkeyManager.swift; sourceTree = "<group>"; };
		A507A958ED0C7F608BEC5D5E /* SeasonSerif-TRIAL-Medium.otf */ = {isa = PBXFileReference; lastKnownFileType = file; path = "SeasonSerif-TRIAL-Medium.otf"; sourceTree = "<group>"; };
		C534139D5AD6A34DAD69AF56 /* DisplayLinkTicker.swift */ = {isa = PBXFileReference; lastKnownFileType = sourcecode.swift; path = DisplayLinkTicker.swift; sourceTree = "<group>"; };
		CB65A3C1CA08979426B2EADE /* StateStoreProtocol.swift */ = {isa = PBXFileReference; lastKnownFileType = sourcecode.swift; path = StateStoreProtocol.swift; sourceTree = "<group>"; };
		D817A0FBDF18A56314ED7FD1 /* TeleprompterPanelView.swift */ = {isa = PBXFileReference; lastKnownFileType = sourcecode.swift; path = TeleprompterPanelView.swift; sourceTree = "<group>"; };
		DD5F57177F215DE3BF0D484A /* Info.plist */ = {isa = PBXFileReference; lastKnownFileType = text.plist; path = Info.plist; sourceTree = "<group>"; };
		EB13B5DE6C55FE7D0E0BA3C9 /* VisualEffectView.swift */ = {isa = PBXFileReference; lastKnownFileType = sourcecode.swift; path = VisualEffectView.swift; sourceTree = "<group>"; };
		EF7054C6F8EBA8BA48C45249 /* SeasonSans-TRIAL-Regular.otf */ = {isa = PBXFileReference; lastKnownFileType = file; path = "SeasonSans-TRIAL-Regular.otf"; sourceTree = "<group>"; };
		F13B8AFC0D6E039BC9D9501F /* EditorWindowController.swift */ = {isa = PBXFileReference; lastKnownFileType = sourcecode.swift; path = EditorWindowController.swift; sourceTree = "<group>"; };
/* End PBXFileReference section */

/* Begin PBXFrameworksBuildPhase section */
		B49B142018EAA6D33B484F69 /* Frameworks */ = {
			isa = PBXFrameworksBuildPhase;
			buildActionMask = 2147483647;
			files = (
				AED6A5362907E70FD117F063 /* Sparkle in Frameworks */,
			);
			runOnlyForDeploymentPostprocessing = 0;
		};
/* End PBXFrameworksBuildPhase section */

/* Begin PBXGroup section */
		11AF311DE9FCD1C7E92CC84F /* Products */ = {
			isa = PBXGroup;
			children = (
				180A26663456AB74A3045C71 /* NotchyTeleprompter.app */,
			);
			name = Products;
			sourceTree = "<group>";
		};
		12479FE24AF376AC470A6D1B /* Updates */ = {
			isa = PBXGroup;
			children = (
				1D8F832BD5C2F281E2C4E726 /* SparkleUpdaterService.swift */,
			);
			path = Updates;
			sourceTree = "<group>";
		};
		30550AE9A40C8D397AC46935 /* NotchyTeleprompter */ = {
			isa = PBXGroup;
			children = (
				414D94B43DDEB00D16AA8459 /* Assets.xcassets */,
				DD5F57177F215DE3BF0D484A /* Info.plist */,
				30ED3F8CBFF13541E54B131A /* App */,
				8B62A4641307CF5E8292F653 /* Features */,
				328C8A254DF5A221209C42E6 /* Models */,
				BF1DA25977602295C21B222A /* Persistence */,
				D1E8B330E21AB75473710A79 /* Platform */,
				76F986FD2683888A680B690E /* Resources */,
			);
			path = NotchyTeleprompter;
			sourceTree = "<group>";
		};
		30ED3F8CBFF13541E54B131A /* App */ = {
			isa = PBXGroup;
			children = (
				40C1CBA4673FF7F873D7A1BD /* AppDelegate.swift */,
				25A97492CD784F4AAFB6AE36 /* AppStateController.swift */,
				784D31CD4FCE2E6B4219D30A /* NotchyTeleprompterApp.swift */,
			);
			path = App;
			sourceTree = "<group>";
		};
		328C8A254DF5A221209C42E6 /* Models */ = {
			isa = PBXGroup;
			children = (
				06A93D07BF4CF64CCE0E8477 /* TeleprompterState.swift */,
			);
			path = Models;
			sourceTree = "<group>";
		};
		4BB7DE9114888ADE2080967A /* Windowing */ = {
			isa = PBXGroup;
			children = (
				84DB46B6EBBC20478B6E96E7 /* DisplayLocator.swift */,
				F13B8AFC0D6E039BC9D9501F /* EditorWindowController.swift */,
				2E2E045E0E64B5A528A1D4B6 /* NotchPanelController.swift */,
				EB13B5DE6C55FE7D0E0BA3C9 /* VisualEffectView.swift */,
			);
			path = Windowing;
			sourceTree = "<group>";
		};
		4E337618D300D0C56A445CAD /* Timing */ = {
			isa = PBXGroup;
			children = (
				C534139D5AD6A34DAD69AF56 /* DisplayLinkTicker.swift */,
			);
			path = Timing;
			sourceTree = "<group>";
		};
		4FF20865B1674A8CEC23AFD5 /* Editor */ = {
			isa = PBXGroup;
			children = (
				196859D8E62592B56229F85E /* EditorSessionState.swift */,
				6CBB676AAA9B32C5A1A279C5 /* EditorTab.swift */,
				36C50097361A8AAB17306F2B /* EditorView.swift */,
			);
			path = Editor;
			sourceTree = "<group>";
		};
		50798E8AE1CC387B7CE231C9 /* Hotkeys */ = {
			isa = PBXGroup;
			children = (
				4B3D3555DE06F10711796A2B /* GlobalKeyCaptureManager.swift */,
				99E6248DAC882AF860673818 /* HotkeyManager.swift */,
			);
			path = Hotkeys;
			sourceTree = "<group>";
		};
		76F986FD2683888A680B690E /* Resources */ = {
			isa = PBXGroup;
			children = (
				C3C41B535B13A47E17BD8B34 /* Fonts */,
			);
			path = Resources;
			sourceTree = "<group>";
		};
		77F8960137B5476F3185FE2D /* Teleprompter */ = {
			isa = PBXGroup;
			children = (
				D817A0FBDF18A56314ED7FD1 /* TeleprompterPanelView.swift */,
			);
			path = Teleprompter;
			sourceTree = "<group>";
		};
		8B62A4641307CF5E8292F653 /* Features */ = {
			isa = PBXGroup;
			children = (
				4FF20865B1674A8CEC23AFD5 /* Editor */,
				77F8960137B5476F3185FE2D /* Teleprompter */,
			);
			path = Features;
			sourceTree = "<group>";
		};
		BF1DA25977602295C21B222A /* Persistence */ = {
			isa = PBXGroup;
			children = (
				5B95ED278AED8F7EEE16F3AB /* ElectronMigrationService.swift */,
				8F6BB4B2829D6EF35D5EA4C5 /* FileStateStore.swift */,
				1D62EE710D349A6B90F50899 /* MigrationServiceProtocol.swift */,
				CB65A3C1CA08979426B2EADE /* StateStoreProtocol.swift */,
			);
			path = Persistence;
			sourceTree = "<group>";
		};
		C3C41B535B13A47E17BD8B34 /* Fonts */ = {
			isa = PBXGroup;
			children = (
				EDB72EB76BE8D3EC257FE532 /* Season */,
			);
			path = Fonts;
			sourceTree = "<group>";
		};
		CDAAA94DACEE6747C78452CD = {
			isa = PBXGroup;
			children = (
				30550AE9A40C8D397AC46935 /* NotchyTeleprompter */,
				11AF311DE9FCD1C7E92CC84F /* Products */,
			);
			sourceTree = "<group>";
		};
		D1E8B330E21AB75473710A79 /* Platform */ = {
			isa = PBXGroup;
			children = (
				50798E8AE1CC387B7CE231C9 /* Hotkeys */,
				4E337618D300D0C56A445CAD /* Timing */,
				12479FE24AF376AC470A6D1B /* Updates */,
				4BB7DE9114888ADE2080967A /* Windowing */,
			);
			path = Platform;
			sourceTree = "<group>";
		};
		EDB72EB76BE8D3EC257FE532 /* Season */ = {
			isa = PBXGroup;
			children = (
				9076D5324EBC3C8B338CBD70 /* SeasonSans-TRIAL-Bold.otf */,
				300D7F8B0F9727EAE8BBA96D /* SeasonSans-TRIAL-Medium.otf */,
				EF7054C6F8EBA8BA48C45249 /* SeasonSans-TRIAL-Regular.otf */,
				803C45F74818A689E2429CCB /* SeasonSerif-TRIAL-Bold.otf */,
				A507A958ED0C7F608BEC5D5E /* SeasonSerif-TRIAL-Medium.otf */,
				05BF250D1EFA491F4381702C /* SeasonSerif-TRIAL-Regular.otf */,
			);
			path = Season;
			sourceTree = "<group>";
		};
/* End PBXGroup section */

/* Begin PBXNativeTarget section */
		0B0610F5C5F8F59BB3FE9CE7 /* NotchyTeleprompter */ = {
			isa = PBXNativeTarget;
			buildConfigurationList = ECAAD23702EBFA8F037D00A3 /* Build configuration list for PBXNativeTarget "NotchyTeleprompter" */;
			buildPhases = (
				1A18688C3A817893CFAE9492 /* Sources */,
				B8334E937902F0CDAADE0B82 /* Resources */,
				B49B142018EAA6D33B484F69 /* Frameworks */,
			);
			buildRules = (
			);
			dependencies = (
			);
			name = NotchyTeleprompter;
			packageProductDependencies = (
				C1382BF60D0EDEB61D1B3242 /* Sparkle */,
			);
			productName = NotchyTeleprompter;
			productReference = 180A26663456AB74A3045C71 /* NotchyTeleprompter.app */;
			productType = "com.apple.product-type.application";
		};
/* End PBXNativeTarget section */

/* Begin PBXProject section */
		390B7827A0FAD582C2C40B54 /* Project object */ = {
			isa = PBXProject;
			attributes = {
				BuildIndependentTargetsInParallel = YES;
				LastUpgradeCheck = 1430;
				TargetAttributes = {
					0B0610F5C5F8F59BB3FE9CE7 = {
						ProvisioningStyle = Automatic;
					};
				};
			};
			buildConfigurationList = 364934009E73E80EF23BBB7F /* Build configuration list for PBXProject "NotchyTeleprompter" */;
			compatibilityVersion = "Xcode 14.0";
			developmentRegion = en;
			hasScannedForEncodings = 0;
			knownRegions = (
				Base,
				en,
			);
			mainGroup = CDAAA94DACEE6747C78452CD;
			minimizedProjectReferenceProxies = 1;
			packageReferences = (
				C39C59887C8B2FDCD3F01BF0 /* XCRemoteSwiftPackageReference "Sparkle" */,
			);
			preferredProjectObjectVersion = 77;
			projectDirPath = "";
			projectRoot = "";
			targets = (
				0B0610F5C5F8F59BB3FE9CE7 /* NotchyTeleprompter */,
			);
		};
/* End PBXProject section */

/* Begin PBXResourcesBuildPhase section */
		B8334E937902F0CDAADE0B82 /* Resources */ = {
			isa = PBXResourcesBuildPhase;
			buildActionMask = 2147483647;
			files = (
				52C6E87A56C7C77FCDC2452F /* Assets.xcassets in Resources */,
				7AB0933B1908F4AFBB46EB67 /* SeasonSans-TRIAL-Bold.otf in Resources */,
				F4B829E79E41498272272124 /* SeasonSans-TRIAL-Medium.otf in Resources */,
				EE596CDF5EAD40D3CD7F47A9 /* SeasonSans-TRIAL-Regular.otf in Resources */,
				6BEBE8ABAAAD7AACD206BAA7 /* SeasonSerif-TRIAL-Bold.otf in Resources */,
				12ACF3B71BFA73213E03D6FC /* SeasonSerif-TRIAL-Medium.otf in Resources */,
				AB2689678F29061BD66FF00D /* SeasonSerif-TRIAL-Regular.otf in Resources */,
			);
			runOnlyForDeploymentPostprocessing = 0;
		};
/* End PBXResourcesBuildPhase section */

/* Begin PBXSourcesBuildPhase section */
		1A18688C3A817893CFAE9492 /* Sources */ = {
			isa = PBXSourcesBuildPhase;
			buildActionMask = 2147483647;
			files = (
				D44B00D8E3985ECFA884AD79 /* AppDelegate.swift in Sources */,
				25529C4B6A8590FD0D22FF94 /* AppStateController.swift in Sources */,
				F6D4910A90395E36E0EBE48B /* DisplayLinkTicker.swift in Sources */,
				FD83A8A574B67C2F4A08E2B7 /* DisplayLocator.swift in Sources */,
				51BF330AC38EDEB01E6B6E24 /* EditorSessionState.swift in Sources */,
				8FDA3C3CD5884D7168CE45AE /* EditorTab.swift in Sources */,
				5FB69D4FBC05AED86BF86439 /* EditorView.swift in Sources */,
				60A24E3D1A9B0295597303E6 /* EditorWindowController.swift in Sources */,
				C981A21DF5B1F902A98EBAFC /* ElectronMigrationService.swift in Sources */,
				C3E1A8DBFCA21E4719E29AF4 /* FileStateStore.swift in Sources */,
				FD12D050482553DF1932821A /* GlobalKeyCaptureManager.swift in Sources */,
				817D380F16317714C05B7232 /* HotkeyManager.swift in Sources */,
				2B04B71AEE3EC65DE7D4A7F3 /* MigrationServiceProtocol.swift in Sources */,
				B6D9F35CA86188EEE66410D6 /* NotchPanelController.swift in Sources */,
				3D3547BA29A63DACB3E6E564 /* NotchyTeleprompterApp.swift in Sources */,
				293600AA168F1C78E536F697 /* SparkleUpdaterService.swift in Sources */,
				91DC85BCF94C3BC97BC24644 /* StateStoreProtocol.swift in Sources */,
				CA863515E578D794D5118D2A /* TeleprompterPanelView.swift in Sources */,
				37D0D04A6AED85FFC3B2B7AB /* TeleprompterState.swift in Sources */,
				5E680997E99178F207222263 /* VisualEffectView.swift in Sources */,
			);
			runOnlyForDeploymentPostprocessing = 0;
		};
/* End PBXSourcesBuildPhase section */

/* Begin XCBuildConfiguration section */
		46C22923E3E34B03BBF011E4 /* Debug */ = {
			isa = XCBuildConfiguration;
			buildSettings = {
				ALWAYS_SEARCH_USER_PATHS = NO;
				CLANG_ANALYZER_NONNULL = YES;
				CLANG_ANALYZER_NUMBER_OBJECT_CONVERSION = YES_AGGRESSIVE;
				CLANG_CXX_LANGUAGE_STANDARD = "gnu++14";
				CLANG_CXX_LIBRARY = "libc++";
				CLANG_ENABLE_MODULES = YES;
				CLANG_ENABLE_OBJC_ARC = YES;
				CLANG_ENABLE_OBJC_WEAK = YES;
				CLANG_WARN_BLOCK_CAPTURE_AUTORELEASING = YES;
				CLANG_WARN_BOOL_CONVERSION = YES;
				CLANG_WARN_COMMA = YES;
				CLANG_WARN_CONSTANT_CONVERSION = YES;
				CLANG_WARN_DEPRECATED_OBJC_IMPLEMENTATIONS = YES;
				CLANG_WARN_DIRECT_OBJC_ISA_USAGE = YES_ERROR;
				CLANG_WARN_DOCUMENTATION_COMMENTS = YES;
				CLANG_WARN_EMPTY_BODY = YES;
				CLANG_WARN_ENUM_CONVERSION = YES;
				CLANG_WARN_INFINITE_RECURSION = YES;
				CLANG_WARN_INT_CONVERSION = YES;
				CLANG_WARN_NON_LITERAL_NULL_CONVERSION = YES;
				CLANG_WARN_OBJC_IMPLICIT_RETAIN_SELF = YES;
				CLANG_WARN_OBJC_LITERAL_CONVERSION = YES;
				CLANG_WARN_OBJC_ROOT_CLASS = YES_ERROR;
				CLANG_WARN_QUOTED_INCLUDE_IN_FRAMEWORK_HEADER = YES;
				CLANG_WARN_RANGE_LOOP_ANALYSIS = YES;
				CLANG_WARN_STRICT_PROTOTYPES = YES;
				CLANG_WARN_SUSPICIOUS_MOVE = YES;
				CLANG_WARN_UNGUARDED_AVAILABILITY = YES_AGGRESSIVE;
				CLANG_WARN_UNREACHABLE_CODE = YES;
				CLANG_WARN__DUPLICATE_METHOD_MATCH = YES;
				CODE_SIGN_STYLE = Automatic;
				COPY_PHASE_STRIP = NO;
				CURRENT_PROJECT_VERSION = 12;
				DEBUG_INFORMATION_FORMAT = dwarf;
				ENABLE_STRICT_OBJC_MSGSEND = YES;
				ENABLE_TESTABILITY = YES;
				GCC_C_LANGUAGE_STANDARD = gnu11;
				GCC_DYNAMIC_NO_PIC = NO;
				GCC_NO_COMMON_BLOCKS = YES;
				GCC_OPTIMIZATION_LEVEL = 0;
				GCC_PREPROCESSOR_DEFINITIONS = (
					"$(inherited)",
					"DEBUG=1",
				);
				GCC_WARN_64_TO_32_BIT_CONVERSION = YES;
				GCC_WARN_ABOUT_RETURN_TYPE = YES_ERROR;
				GCC_WARN_UNDECLARED_SELECTOR = YES;
				GCC_WARN_UNINITIALIZED_AUTOS = YES_AGGRESSIVE;
				GCC_WARN_UNUSED_FUNCTION = YES;
				GCC_WARN_UNUSED_VARIABLE = YES;
				MACOSX_DEPLOYMENT_TARGET = 11.0;
				MARKETING_VERSION = 2.2.6;
				MTL_ENABLE_DEBUG_INFO = INCLUDE_SOURCE;
				MTL_FAST_MATH = YES;
				ONLY_ACTIVE_ARCH = YES;
				PRODUCT_BUNDLE_IDENTIFIER = com.notchy.teleprompter.native;
				PRODUCT_NAME = "$(TARGET_NAME)";
				SDKROOT = macosx;
				SWIFT_ACTIVE_COMPILATION_CONDITIONS = DEBUG;
				SWIFT_OPTIMIZATION_LEVEL = "-Onone";
				SWIFT_VERSION = 5.10;
			};
			name = Debug;
		};
		4FA8E9ABDB685E8B481346D6 /* Debug */ = {
			isa = XCBuildConfiguration;
			buildSettings = {
				ASSETCATALOG_COMPILER_APPICON_NAME = AppIcon;
				COMBINE_HIDPI_IMAGES = YES;
				ENABLE_HARDENED_RUNTIME = YES;
				GENERATE_INFOPLIST_FILE = NO;
				INFOPLIST_FILE = NotchyTeleprompter/Info.plist;
				LD_RUNPATH_SEARCH_PATHS = (
					"$(inherited)",
					"@executable_path/../Frameworks",
				);
				PRODUCT_NAME = "Notchy Teleprompter";
				SDKROOT = macosx;
				SWIFT_EMIT_LOC_STRINGS = NO;
			};
			name = Debug;
		};
		8D2736B92603B501E20D8CAD /* Release */ = {
			isa = XCBuildConfiguration;
			buildSettings = {
				ASSETCATALOG_COMPILER_APPICON_NAME = AppIcon;
				COMBINE_HIDPI_IMAGES = YES;
				ENABLE_HARDENED_RUNTIME = YES;
				GENERATE_INFOPLIST_FILE = NO;
				INFOPLIST_FILE = NotchyTeleprompter/Info.plist;
				LD_RUNPATH_SEARCH_PATHS = (
					"$(inherited)",
					"@executable_path/../Frameworks",
				);
				PRODUCT_NAME = "Notchy Teleprompter";
				SDKROOT = macosx;
				SWIFT_EMIT_LOC_STRINGS = NO;
			};
			name = Release;
		};
		8D803250A3CF8C08F900CA9B /* Release */ = {
			isa = XCBuildConfiguration;
			buildSettings = {
				ALWAYS_SEARCH_USER_PATHS = NO;
				CLANG_ANALYZER_NONNULL = YES;
				CLANG_ANALYZER_NUMBER_OBJECT_CONVERSION = YES_AGGRESSIVE;
				CLANG_CXX_LANGUAGE_STANDARD = "gnu++14";
				CLANG_CXX_LIBRARY = "libc++";
				CLANG_ENABLE_MODULES = YES;
				CLANG_ENABLE_OBJC_ARC = YES;
				CLANG_ENABLE_OBJC_WEAK = YES;
				CLANG_WARN_BLOCK_CAPTURE_AUTORELEASING = YES;
				CLANG_WARN_BOOL_CONVERSION = YES;
				CLANG_WARN_COMMA = YES;
				CLANG_WARN_CONSTANT_CONVERSION = YES;
				CLANG_WARN_DEPRECATED_OBJC_IMPLEMENTATIONS = YES;
				CLANG_WARN_DIRECT_OBJC_ISA_USAGE = YES_ERROR;
				CLANG_WARN_DOCUMENTATION_COMMENTS = YES;
				CLANG_WARN_EMPTY_BODY = YES;
				CLANG_WARN_ENUM_CONVERSION = YES;
				CLANG_WARN_INFINITE_RECURSION = YES;
				CLANG_WARN_INT_CONVERSION = YES;
				CLANG_WARN_NON_LITERAL_NULL_CONVERSION = YES;
				CLANG_WARN_OBJC_IMPLICIT_RETAIN_SELF = YES;
				CLANG_WARN_OBJC_LITERAL_CONVERSION = YES;
				CLANG_WARN_OBJC_ROOT_CLASS = YES_ERROR;
				CLANG_WARN_QUOTED_INCLUDE_IN_FRAMEWORK_HEADER = YES;
				CLANG_WARN_RANGE_LOOP_ANALYSIS = YES;
				CLANG_WARN_STRICT_PROTOTYPES = YES;
				CLANG_WARN_SUSPICIOUS_MOVE = YES;
				CLANG_WARN_UNGUARDED_AVAILABILITY = YES_AGGRESSIVE;
				CLANG_WARN_UNREACHABLE_CODE = YES;
				CLANG_WARN__DUPLICATE_METHOD_MATCH = YES;
				CODE_SIGN_STYLE = Automatic;
				COPY_PHASE_STRIP = NO;
				CURRENT_PROJECT_VERSION = 12;
				DEBUG_INFORMATION_FORMAT = "dwarf-with-dsym";
				ENABLE_NS_ASSERTIONS = NO;
				ENABLE_STRICT_OBJC_MSGSEND = YES;
				GCC_C_LANGUAGE_STANDARD = gnu11;
				GCC_NO_COMMON_BLOCKS = YES;
				GCC_WARN_64_TO_32_BIT_CONVERSION = YES;
				GCC_WARN_ABOUT_RETURN_TYPE = YES_ERROR;
				GCC_WARN_UNDECLARED_SELECTOR = YES;
				GCC_WARN_UNINITIALIZED_AUTOS = YES_AGGRESSIVE;
				GCC_WARN_UNUSED_FUNCTION = YES;
				GCC_WARN_UNUSED_VARIABLE = YES;
				MACOSX_DEPLOYMENT_TARGET = 11.0;
				MARKETING_VERSION = 2.2.6;
				MTL_ENABLE_DEBUG_INFO = NO;
				MTL_FAST_MATH = YES;
				PRODUCT_BUNDLE_IDENTIFIER = com.notchy.teleprompter.native;
				PRODUCT_NAME = "$(TARGET_NAME)";
				SDKROOT = macosx;
				SWIFT_COMPILATION_MODE = wholemodule;
				SWIFT_OPTIMIZATION_LEVEL = "-O";
				SWIFT_VERSION = 5.10;
			};
			name = Release;
		};
/* End XCBuildConfiguration section */

/* Begin XCConfigurationList section */
		364934009E73E80EF23BBB7F /* Build configuration list for PBXProject "NotchyTeleprompter" */ = {
			isa = XCConfigurationList;
			buildConfigurations = (
				46C22923E3E34B03BBF011E4 /* Debug */,
				8D803250A3CF8C08F900CA9B /* Release */,
			);
			defaultConfigurationIsVisible = 0;
			defaultConfigurationName = Debug;
		};
		ECAAD23702EBFA8F037D00A3 /* Build configuration list for PBXNativeTarget "NotchyTeleprompter" */ = {
			isa = XCConfigurationList;
			buildConfigurations = (
				4FA8E9ABDB685E8B481346D6 /* Debug */,
				8D2736B92603B501E20D8CAD /* Release */,
			);
			defaultConfigurationIsVisible = 0;
			defaultConfigurationName = Debug;
		};
/* End XCConfigurationList section */

/* Begin XCRemoteSwiftPackageReference section */
		C39C59887C8B2FDCD3F01BF0 /* XCRemoteSwiftPackageReference "Sparkle" */ = {
			isa = XCRemoteSwiftPackageReference;
			repositoryURL = "https://github.com/sparkle-project/Sparkle";
			requirement = {
				kind = upToNextMajorVersion;
				minimumVersion = 2.6.4;
			};
		};
/* End XCRemoteSwiftPackageReference section */

/* Begin XCSwiftPackageProductDependency section */
		C1382BF60D0EDEB61D1B3242 /* Sparkle */ = {
			isa = XCSwiftPackageProductDependency;
			package = C39C59887C8B2FDCD3F01BF0 /* XCRemoteSwiftPackageReference "Sparkle" */;
			productName = Sparkle;
		};
/* End XCSwiftPackageProductDependency section */
	};
	rootObject = 390B7827A0FAD582C2C40B54 /* Project object */;
}
